
Microsoft Visual Studio Solution File, Format Version 12.00
# Visual Studio Version 17
VisualStudioVersion = 17.8.34511.84
MinimumVisualStudioVersion = 10.0.40219.1
Project("{FAE04EC0-301F-11D3-BF4B-00C04F79EFBC}") = "Collections", "Collections\Collections.csproj", "{6E7C4329-0FFF-43B8-935B-5BCB3779CDC4}"
EndProject
Global
	GlobalSection(SolutionConfigurationPlatforms) = preSolution
		Debug|Any CPU = Debug|Any CPU
		Release|Any CPU = Release|Any CPU
	EndGlobalSection
	GlobalSection(ProjectConfigurationPlatforms) = postSolution
		{6E7C4329-0FFF-43B8-935B-5BCB3779CDC4}.Debug|Any CPU.ActiveCfg = Debug|Any CPU
		{6E7C4329-0FFF-43B8-935B-5BCB3779CDC4}.Debug|Any CPU.Build.0 = Debug|Any CPU
		{6E7C4329-0FFF-43B8-935B-5BCB3779CDC4}.Release|Any CPU.ActiveCfg = Release|Any CPU
		{6E7C4329-0FFF-43B8-935B-5BCB3779CDC4}.Release|Any CPU.Build.0 = Release|Any CPU
	EndGlobalSection
	GlobalSection(SolutionProperties) = preSolution
		HideSolutionNode = FALSE
	EndGlobalSection
	GlobalSection(ExtensibilityGlobals) = postSolution
		SolutionGuid = {0E5A01B5-24CE-488E-8842-BBE74A01D94B}
	EndGlobalSection
EndGlobal
